{
  "name": "infrastructure",
  "lockfileVersion": 2,
  "requires": true,
  "packages": {
    "": {
      "dependencies": {
        "@aws-cdk/aws-cloud9": "1.128.0",
        "@aws-cdk/aws-ec2": "1.128.0",
        "@aws-cdk/aws-iam": "^1.128.0",
        "@aws-cdk/aws-neptune": "1.128.0",
        "@aws-cdk/aws-s3": "^1.128.0"
      }
    },
    "node_modules/@aws-cdk/assets": {
      "version": "1.128.0",
      "resolved": "https://registry.npmjs.org/@aws-cdk/assets/-/assets-1.128.0.tgz",
      "integrity": "sha512-/3zBV+g55kYVyDmMweFwb9wZuMXFcSonQI+luq99lAdfH4P045k9ugIVPmihtW6knJIr4q25hNAX/nJluWfxMA==",
      "dependencies": {
        "@aws-cdk/core": "1.128.0",
        "@aws-cdk/cx-api": "1.128.0",
        "constructs": "^3.3.69"
      },
      "engines": {
        "node": ">= 10.13.0 <13 || >=13.7.0"
      },
      "peerDependencies": {
        "@aws-cdk/core": "1.128.0",
        "@aws-cdk/cx-api": "1.128.0",
        "constructs": "^3.3.69"
      }
    },
    "node_modules/@aws-cdk/aws-cloud9": {
      "version": "1.128.0",
      "resolved": "https://registry.npmjs.org/@aws-cdk/aws-cloud9/-/aws-cloud9-1.128.0.tgz",
      "integrity": "sha512-pxzL5tGFKNkzRZN/pHnDTjDqyqBaEpv9I+3P4syVEiqBBBP44kWMQAWWSByx9+Hesa3Ibd+63mVfJdl9+Balfg==",
      "dependencies": {
        "@aws-cdk/aws-codecommit": "1.128.0",
        "@aws-cdk/aws-ec2": "1.128.0",
        "@aws-cdk/core": "1.128.0",
        "constructs": "^3.3.69"
      },
      "engines": {
        "node": ">= 10.13.0 <13 || >=13.7.0"
      },
      "peerDependencies": {
        "@aws-cdk/aws-codecommit": "1.128.0",
        "@aws-cdk/aws-ec2": "1.128.0",
        "@aws-cdk/core": "1.128.0",
        "constructs": "^3.3.69"
      }
    },
    "node_modules/@aws-cdk/aws-cloudwatch": {
      "version": "1.128.0",
      "resolved": "https://registry.npmjs.org/@aws-cdk/aws-cloudwatch/-/aws-cloudwatch-1.128.0.tgz",
      "integrity": "sha512-BzYOZ2aS6WZGYUSlXoo37f0xbYACzO+hM8foFOYkYFNEMbyDNe4w2AB6j1rhi3Btm8agnVbKVkUdwZtYnjuPyQ==",
      "dependencies": {
        "@aws-cdk/aws-iam": "1.128.0",
        "@aws-cdk/core": "1.128.0",
        "constructs": "^3.3.69"
      },
      "engines": {
        "node": ">= 10.13.0 <13 || >=13.7.0"
      },
      "peerDependencies": {
        "@aws-cdk/aws-iam": "1.128.0",
        "@aws-cdk/core": "1.128.0",
        "constructs": "^3.3.69"
      }
    },
    "node_modules/@aws-cdk/aws-codecommit": {
      "version": "1.128.0",
      "resolved": "https://registry.npmjs.org/@aws-cdk/aws-codecommit/-/aws-codecommit-1.128.0.tgz",
      "integrity": "sha512-QpwmnmWIZmaBwUmUF3GbwS9Q62hYA2lZvol7UCjDKQx4ysauGeL0CmxAWSIEe0NyeWdB/P/+eB6gIu9SQNf8pQ==",
      "dependencies": {
        "@aws-cdk/aws-codestarnotifications": "1.128.0",
        "@aws-cdk/aws-events": "1.128.0",
        "@aws-cdk/aws-iam": "1.128.0",
        "@aws-cdk/core": "1.128.0",
        "constructs": "^3.3.69"
      },
      "engines": {
        "node": ">= 10.13.0 <13 || >=13.7.0"
      },
      "peerDependencies": {
        "@aws-cdk/aws-codestarnotifications": "1.128.0",
        "@aws-cdk/aws-events": "1.128.0",
        "@aws-cdk/aws-iam": "1.128.0",
        "@aws-cdk/core": "1.128.0",
        "constructs": "^3.3.69"
      }
    },
    "node_modules/@aws-cdk/aws-codestarnotifications": {
      "version": "1.128.0",
      "resolved": "https://registry.npmjs.org/@aws-cdk/aws-codestarnotifications/-/aws-codestarnotifications-1.128.0.tgz",
      "integrity": "sha512-mPJWPj0eKqWu7sIYzTmufrRaaApFTCiT7W8iDGxVcqB6nwHKrTj5R+hyd/5E3JEpejaDxXwr6b3SThBYLQxLFg==",
      "dependencies": {
        "@aws-cdk/core": "1.128.0",
        "constructs": "^3.3.69"
      },
      "engines": {
        "node": ">= 10.13.0 <13 || >=13.7.0"
      },
      "peerDependencies": {
        "@aws-cdk/core": "1.128.0",
        "constructs": "^3.3.69"
      }
    },
    "node_modules/@aws-cdk/aws-ec2": {
      "version": "1.128.0",
      "resolved": "https://registry.npmjs.org/@aws-cdk/aws-ec2/-/aws-ec2-1.128.0.tgz",
      "integrity": "sha512-VC7y0d/XvBTNMhkVaqKWyeO7cKeErrNjoYWaPk1SOxw9TPS+xcRo/NF3ED4zSl7zJ9RrJOzrVSx2yAuQXte6EA==",
      "dependencies": {
        "@aws-cdk/aws-cloudwatch": "1.128.0",
        "@aws-cdk/aws-iam": "1.128.0",
        "@aws-cdk/aws-kms": "1.128.0",
        "@aws-cdk/aws-logs": "1.128.0",
        "@aws-cdk/aws-s3": "1.128.0",
        "@aws-cdk/aws-s3-assets": "1.128.0",
        "@aws-cdk/aws-ssm": "1.128.0",
        "@aws-cdk/cloud-assembly-schema": "1.128.0",
        "@aws-cdk/core": "1.128.0",
        "@aws-cdk/cx-api": "1.128.0",
        "@aws-cdk/region-info": "1.128.0",
        "constructs": "^3.3.69"
      },
      "engines": {
        "node": ">= 10.13.0 <13 || >=13.7.0"
      },
      "peerDependencies": {
        "@aws-cdk/aws-cloudwatch": "1.128.0",
        "@aws-cdk/aws-iam": "1.128.0",
        "@aws-cdk/aws-kms": "1.128.0",
        "@aws-cdk/aws-logs": "1.128.0",
        "@aws-cdk/aws-s3": "1.128.0",
        "@aws-cdk/aws-s3-assets": "1.128.0",
        "@aws-cdk/aws-ssm": "1.128.0",
        "@aws-cdk/cloud-assembly-schema": "1.128.0",
        "@aws-cdk/core": "1.128.0",
        "@aws-cdk/cx-api": "1.128.0",
        "@aws-cdk/region-info": "1.128.0",
        "constructs": "^3.3.69"
      }
    },
    "node_modules/@aws-cdk/aws-events": {
      "version": "1.128.0",
      "resolved": "https://registry.npmjs.org/@aws-cdk/aws-events/-/aws-events-1.128.0.tgz",
      "integrity": "sha512-45l2B/8n3YDowfkj4cF3PU7CMehLQ1LlECTn9Wo5goWPROnNNOsdq+FQNqYOz3rO3f2eQKVjW2k8UAFMh7Ze3Q==",
      "dependencies": {
        "@aws-cdk/aws-iam": "1.128.0",
        "@aws-cdk/core": "1.128.0",
        "constructs": "^3.3.69"
      },
      "engines": {
        "node": ">= 10.13.0 <13 || >=13.7.0"
      },
      "peerDependencies": {
        "@aws-cdk/aws-iam": "1.128.0",
        "@aws-cdk/core": "1.128.0",
        "constructs": "^3.3.69"
      }
    },
    "node_modules/@aws-cdk/aws-iam": {
      "version": "1.128.0",
      "resolved": "https://registry.npmjs.org/@aws-cdk/aws-iam/-/aws-iam-1.128.0.tgz",
      "integrity": "sha512-1pF73b4mjEO3jPcXFq53C4uYUXdncnWgS4gqcdtDr02XG26s2yR6YJHqwMjPY5Qg3onbw8E1glKfREu5+UhXTQ==",
      "dependencies": {
        "@aws-cdk/core": "1.128.0",
        "@aws-cdk/region-info": "1.128.0",
        "constructs": "^3.3.69"
      },
      "engines": {
        "node": ">= 10.13.0 <13 || >=13.7.0"
      },
      "peerDependencies": {
        "@aws-cdk/core": "1.128.0",
        "@aws-cdk/region-info": "1.128.0",
        "constructs": "^3.3.69"
      }
    },
    "node_modules/@aws-cdk/aws-kms": {
      "version": "1.128.0",
      "resolved": "https://registry.npmjs.org/@aws-cdk/aws-kms/-/aws-kms-1.128.0.tgz",
      "integrity": "sha512-9/55JpvEJVnYezC8BlL2tK6I2GL8lE6fCRtTL/Qj6DjcylkVSeNIhISf3x2ZLz04YG+ksqHEIz1cz2Ar2U28hg==",
      "dependencies": {
        "@aws-cdk/aws-iam": "1.128.0",
        "@aws-cdk/cloud-assembly-schema": "1.128.0",
        "@aws-cdk/core": "1.128.0",
        "@aws-cdk/cx-api": "1.128.0",
        "constructs": "^3.3.69"
      },
      "engines": {
        "node": ">= 10.13.0 <13 || >=13.7.0"
      },
      "peerDependencies": {
        "@aws-cdk/aws-iam": "1.128.0",
        "@aws-cdk/cloud-assembly-schema": "1.128.0",
        "@aws-cdk/core": "1.128.0",
        "@aws-cdk/cx-api": "1.128.0",
        "constructs": "^3.3.69"
      }
    },
    "node_modules/@aws-cdk/aws-logs": {
      "version": "1.128.0",
      "resolved": "https://registry.npmjs.org/@aws-cdk/aws-logs/-/aws-logs-1.128.0.tgz",
      "integrity": "sha512-3jGIQAvrvU4kyuQ1EGa7dIY9GP+rmd5wj43KUdLXRNKXkdykod1OSUPoqmS8ny4NSOmgYgfxHxRuoyajimw9Uw==",
      "dependencies": {
        "@aws-cdk/aws-cloudwatch": "1.128.0",
        "@aws-cdk/aws-iam": "1.128.0",
        "@aws-cdk/aws-kms": "1.128.0",
        "@aws-cdk/aws-s3-assets": "1.128.0",
        "@aws-cdk/core": "1.128.0",
        "constructs": "^3.3.69"
      },
      "engines": {
        "node": ">= 10.13.0 <13 || >=13.7.0"
      },
      "peerDependencies": {
        "@aws-cdk/aws-cloudwatch": "1.128.0",
        "@aws-cdk/aws-iam": "1.128.0",
        "@aws-cdk/aws-kms": "1.128.0",
        "@aws-cdk/aws-s3-assets": "1.128.0",
        "@aws-cdk/core": "1.128.0",
        "constructs": "^3.3.69"
      }
    },
    "node_modules/@aws-cdk/aws-neptune": {
      "version": "1.128.0",
      "resolved": "https://registry.npmjs.org/@aws-cdk/aws-neptune/-/aws-neptune-1.128.0.tgz",
      "integrity": "sha512-c9d+1o/pd2F9Sj0krkO3t1rHoYHymU815PKtaSmkbdZcbhFcYvHOyEPh0QLspWuqNKmpITCnaTraCb6DZ2+8Tw==",
      "dependencies": {
        "@aws-cdk/aws-ec2": "1.128.0",
        "@aws-cdk/aws-iam": "1.128.0",
        "@aws-cdk/aws-kms": "1.128.0",
        "@aws-cdk/core": "1.128.0",
        "constructs": "^3.3.69"
      },
      "engines": {
        "node": ">= 10.13.0 <13 || >=13.7.0"
      },
      "peerDependencies": {
        "@aws-cdk/aws-ec2": "1.128.0",
        "@aws-cdk/aws-iam": "1.128.0",
        "@aws-cdk/aws-kms": "1.128.0",
        "@aws-cdk/core": "1.128.0",
        "constructs": "^3.3.69"
      }
    },
    "node_modules/@aws-cdk/aws-s3": {
      "version": "1.128.0",
      "resolved": "https://registry.npmjs.org/@aws-cdk/aws-s3/-/aws-s3-1.128.0.tgz",
      "integrity": "sha512-o1um24GMy3/lGv2O2YnZciStLBbf67epAlE5OvZZIPscikif/o4/n7dUKmEzGjP4bzP0uKUjemsNVqBRmvfPvw==",
      "dependencies": {
        "@aws-cdk/aws-events": "1.128.0",
        "@aws-cdk/aws-iam": "1.128.0",
        "@aws-cdk/aws-kms": "1.128.0",
        "@aws-cdk/core": "1.128.0",
        "@aws-cdk/cx-api": "1.128.0",
        "constructs": "^3.3.69"
      },
      "engines": {
        "node": ">= 10.13.0 <13 || >=13.7.0"
      },
      "peerDependencies": {
        "@aws-cdk/aws-events": "1.128.0",
        "@aws-cdk/aws-iam": "1.128.0",
        "@aws-cdk/aws-kms": "1.128.0",
        "@aws-cdk/core": "1.128.0",
        "@aws-cdk/cx-api": "1.128.0",
        "constructs": "^3.3.69"
      }
    },
    "node_modules/@aws-cdk/aws-s3-assets": {
      "version": "1.128.0",
      "resolved": "https://registry.npmjs.org/@aws-cdk/aws-s3-assets/-/aws-s3-assets-1.128.0.tgz",
      "integrity": "sha512-VySvr7/aGCKX247JKOfkr0DeUBIqycXyVkLwbllF1IpJ/lFOlnnjRW0ZSigz+S+kO0EohjsFNaqlrxxkueYyPQ==",
      "dependencies": {
        "@aws-cdk/assets": "1.128.0",
        "@aws-cdk/aws-iam": "1.128.0",
        "@aws-cdk/aws-kms": "1.128.0",
        "@aws-cdk/aws-s3": "1.128.0",
        "@aws-cdk/core": "1.128.0",
        "@aws-cdk/cx-api": "1.128.0",
        "constructs": "^3.3.69"
      },
      "engines": {
        "node": ">= 10.13.0 <13 || >=13.7.0"
      },
      "peerDependencies": {
        "@aws-cdk/assets": "1.128.0",
        "@aws-cdk/aws-iam": "1.128.0",
        "@aws-cdk/aws-kms": "1.128.0",
        "@aws-cdk/aws-s3": "1.128.0",
        "@aws-cdk/core": "1.128.0",
        "@aws-cdk/cx-api": "1.128.0",
        "constructs": "^3.3.69"
      }
    },
    "node_modules/@aws-cdk/aws-ssm": {
      "version": "1.128.0",
      "resolved": "https://registry.npmjs.org/@aws-cdk/aws-ssm/-/aws-ssm-1.128.0.tgz",
      "integrity": "sha512-m24FTuK+fDwP1uHs2OopKmvkVTQcKk8oIBpzbESCqtbr7LtnzriH88R4jnpL+aCqv24sfWR1foJRbAgWBcBNKA==",
      "dependencies": {
        "@aws-cdk/aws-iam": "1.128.0",
        "@aws-cdk/aws-kms": "1.128.0",
        "@aws-cdk/cloud-assembly-schema": "1.128.0",
        "@aws-cdk/core": "1.128.0",
        "constructs": "^3.3.69"
      },
      "engines": {
        "node": ">= 10.13.0 <13 || >=13.7.0"
      },
      "peerDependencies": {
        "@aws-cdk/aws-iam": "1.128.0",
        "@aws-cdk/aws-kms": "1.128.0",
        "@aws-cdk/cloud-assembly-schema": "1.128.0",
        "@aws-cdk/core": "1.128.0",
        "constructs": "^3.3.69"
      }
    },
    "node_modules/@aws-cdk/cloud-assembly-schema": {
      "version": "1.128.0",
      "resolved": "https://registry.npmjs.org/@aws-cdk/cloud-assembly-schema/-/cloud-assembly-schema-1.128.0.tgz",
      "integrity": "sha512-rKyPTcGbk0ph6xJFzYe2rDCL/c8a+Yp2nTYqa53jK+X0YqDGzLiaVFnnnUGqE8gafHTOA09w+6DBQm+/E0Ea2A==",
      "bundleDependencies": [
        "jsonschema",
        "semver"
      ],
      "dependencies": {
        "jsonschema": "^1.4.0",
        "semver": "^7.3.5"
      },
      "engines": {
        "node": ">= 10.13.0 <13 || >=13.7.0"
      }
    },
    "node_modules/@aws-cdk/cloud-assembly-schema/node_modules/jsonschema": {
      "version": "1.4.0",
      "inBundle": true,
      "license": "MIT",
      "engines": {
        "node": "*"
      }
    },
    "node_modules/@aws-cdk/cloud-assembly-schema/node_modules/lru-cache": {
      "version": "6.0.0",
      "inBundle": true,
      "license": "ISC",
      "dependencies": {
        "yallist": "^4.0.0"
      },
      "engines": {
        "node": ">=10"
      }
    },
    "node_modules/@aws-cdk/cloud-assembly-schema/node_modules/semver": {
      "version": "7.3.5",
      "inBundle": true,
      "license": "ISC",
      "dependencies": {
        "lru-cache": "^6.0.0"
      },
      "bin": {
        "semver": "bin/semver.js"
      },
      "engines": {
        "node": ">=10"
      }
    },
    "node_modules/@aws-cdk/cloud-assembly-schema/node_modules/yallist": {
      "version": "4.0.0",
      "inBundle": true,
      "license": "ISC"
    },
    "node_modules/@aws-cdk/core": {
      "version": "1.128.0",
      "resolved": "https://registry.npmjs.org/@aws-cdk/core/-/core-1.128.0.tgz",
      "integrity": "sha512-OFj2LaCWOk8qh/ddxYYCf6l8bzXceO74BDkwfnAX+N5CJHen201wSqYlLiq9yFRm/c/lfCkVtgf6dTaz+PdQGQ==",
      "bundleDependencies": [
        "fs-extra",
        "minimatch",
        "@balena/dockerignore",
        "ignore"
      ],
      "dependencies": {
        "@aws-cdk/cloud-assembly-schema": "1.128.0",
        "@aws-cdk/cx-api": "1.128.0",
        "@aws-cdk/region-info": "1.128.0",
        "@balena/dockerignore": "^1.0.2",
        "constructs": "^3.3.69",
        "fs-extra": "^9.1.0",
        "ignore": "^5.1.8",
        "minimatch": "^3.0.4"
      },
      "engines": {
        "node": ">= 10.13.0 <13 || >=13.7.0"
      },
      "peerDependencies": {
        "@aws-cdk/cloud-assembly-schema": "1.128.0",
        "@aws-cdk/cx-api": "1.128.0",
        "@aws-cdk/region-info": "1.128.0",
        "constructs": "^3.3.69"
      }
    },
    "node_modules/@aws-cdk/core/node_modules/@balena/dockerignore": {
      "version": "1.0.2",
      "inBundle": true,
      "license": "Apache-2.0"
    },
    "node_modules/@aws-cdk/core/node_modules/at-least-node": {
      "version": "1.0.0",
      "inBundle": true,
      "license": "ISC",
      "engines": {
        "node": ">= 4.0.0"
      }
    },
    "node_modules/@aws-cdk/core/node_modules/balanced-match": {
      "version": "1.0.2",
      "inBundle": true,
      "license": "MIT"
    },
    "node_modules/@aws-cdk/core/node_modules/brace-expansion": {
      "version": "1.1.11",
      "inBundle": true,
      "license": "MIT",
      "dependencies": {
        "balanced-match": "^1.0.0",
        "concat-map": "0.0.1"
      }
    },
    "node_modules/@aws-cdk/core/node_modules/concat-map": {
      "version": "0.0.1",
      "inBundle": true,
      "license": "MIT"
    },
    "node_modules/@aws-cdk/core/node_modules/fs-extra": {
      "version": "9.1.0",
      "inBundle": true,
      "license": "MIT",
      "dependencies": {
        "at-least-node": "^1.0.0",
        "graceful-fs": "^4.2.0",
        "jsonfile": "^6.0.1",
        "universalify": "^2.0.0"
      },
      "engines": {
        "node": ">=10"
      }
    },
    "node_modules/@aws-cdk/core/node_modules/graceful-fs": {
      "version": "4.2.8",
      "inBundle": true,
      "license": "ISC"
    },
    "node_modules/@aws-cdk/core/node_modules/ignore": {
      "version": "5.1.8",
      "inBundle": true,
      "license": "MIT",
      "engines": {
        "node": ">= 4"
      }
    },
    "node_modules/@aws-cdk/core/node_modules/jsonfile": {
      "version": "6.1.0",
      "inBundle": true,
      "license": "MIT",
      "dependencies": {
        "universalify": "^2.0.0"
      },
      "optionalDependencies": {
        "graceful-fs": "^4.1.6"
      }
    },
    "node_modules/@aws-cdk/core/node_modules/minimatch": {
      "version": "3.0.4",
      "inBundle": true,
      "license": "ISC",
      "dependencies": {
        "brace-expansion": "^1.1.7"
      },
      "engines": {
        "node": "*"
      }
    },
    "node_modules/@aws-cdk/core/node_modules/universalify": {
      "version": "2.0.0",
      "inBundle": true,
      "license": "MIT",
      "engines": {
        "node": ">= 10.0.0"
      }
    },
    "node_modules/@aws-cdk/cx-api": {
      "version": "1.128.0",
      "resolved": "https://registry.npmjs.org/@aws-cdk/cx-api/-/cx-api-1.128.0.tgz",
      "integrity": "sha512-1lLRM+VxaljK9RaxvtnkR+gSh/KI10NRHZCFhYzKQcd/kDwBkrylU+YBqWzS8MlSITaxTpYFZtHwUXRBxCnJYA==",
      "bundleDependencies": [
        "semver"
      ],
      "dependencies": {
        "@aws-cdk/cloud-assembly-schema": "1.128.0",
        "semver": "^7.3.5"
      },
      "engines": {
        "node": ">= 10.13.0 <13 || >=13.7.0"
      },
      "peerDependencies": {
        "@aws-cdk/cloud-assembly-schema": "1.128.0"
      }
    },
    "node_modules/@aws-cdk/cx-api/node_modules/lru-cache": {
      "version": "6.0.0",
      "inBundle": true,
      "license": "ISC",
      "dependencies": {
        "yallist": "^4.0.0"
      },
      "engines": {
        "node": ">=10"
      }
    },
    "node_modules/@aws-cdk/cx-api/node_modules/semver": {
      "version": "7.3.5",
      "inBundle": true,
      "license": "ISC",
      "dependencies": {
        "lru-cache": "^6.0.0"
      },
      "bin": {
        "semver": "bin/semver.js"
      },
      "engines": {
        "node": ">=10"
      }
    },
    "node_modules/@aws-cdk/cx-api/node_modules/yallist": {
      "version": "4.0.0",
      "inBundle": true,
      "license": "ISC"
    },
    "node_modules/@aws-cdk/region-info": {
      "version": "1.128.0",
      "resolved": "https://registry.npmjs.org/@aws-cdk/region-info/-/region-info-1.128.0.tgz",
      "integrity": "sha512-84QbxbmfYeoRDC7X5KNQ91sXNDBomb7c63VPPuxm9PS65haufEEqHvesJ66YBFTXky+MBrUSRyANdv4M4CDPrQ==",
      "engines": {
        "node": ">= 10.13.0 <13 || >=13.7.0"
      }
    },
    "node_modules/constructs": {
      "version": "3.3.161",
      "resolved": "https://registry.npmjs.org/constructs/-/constructs-3.3.161.tgz",
      "integrity": "sha512-/27vW3fo0iyb3py4vKI1BduEYmv8vv8uJgLXvI+5F0Jbnn0/E+As2wkGMa7bumhzCd0Ckv/USkAXstGYVXTYQA==",
      "engines": {
        "node": ">= 12.7.0"
      }
    }
  },
  "dependencies": {
    "@aws-cdk/assets": {
      "version": "1.128.0",
      "resolved": "https://registry.npmjs.org/@aws-cdk/assets/-/assets-1.128.0.tgz",
      "integrity": "sha512-/3zBV+g55kYVyDmMweFwb9wZuMXFcSonQI+luq99lAdfH4P045k9ugIVPmihtW6knJIr4q25hNAX/nJluWfxMA==",
      "requires": {
        "@aws-cdk/core": "1.128.0",
        "@aws-cdk/cx-api": "1.128.0",
        "constructs": "^3.3.69"
      }
    },
    "@aws-cdk/aws-cloud9": {
      "version": "1.128.0",
      "resolved": "https://registry.npmjs.org/@aws-cdk/aws-cloud9/-/aws-cloud9-1.128.0.tgz",
      "integrity": "sha512-pxzL5tGFKNkzRZN/pHnDTjDqyqBaEpv9I+3P4syVEiqBBBP44kWMQAWWSByx9+Hesa3Ibd+63mVfJdl9+Balfg==",
      "requires": {
        "@aws-cdk/aws-codecommit": "1.128.0",
        "@aws-cdk/aws-ec2": "1.128.0",
        "@aws-cdk/core": "1.128.0",
        "constructs": "^3.3.69"
      }
    },
    "@aws-cdk/aws-cloudwatch": {
      "version": "1.128.0",
      "resolved": "https://registry.npmjs.org/@aws-cdk/aws-cloudwatch/-/aws-cloudwatch-1.128.0.tgz",
      "integrity": "sha512-BzYOZ2aS6WZGYUSlXoo37f0xbYACzO+hM8foFOYkYFNEMbyDNe4w2AB6j1rhi3Btm8agnVbKVkUdwZtYnjuPyQ==",
      "requires": {
        "@aws-cdk/aws-iam": "1.128.0",
        "@aws-cdk/core": "1.128.0",
        "constructs": "^3.3.69"
      }
    },
    "@aws-cdk/aws-codecommit": {
      "version": "1.128.0",
      "resolved": "https://registry.npmjs.org/@aws-cdk/aws-codecommit/-/aws-codecommit-1.128.0.tgz",
      "integrity": "sha512-QpwmnmWIZmaBwUmUF3GbwS9Q62hYA2lZvol7UCjDKQx4ysauGeL0CmxAWSIEe0NyeWdB/P/+eB6gIu9SQNf8pQ==",
      "requires": {
        "@aws-cdk/aws-codestarnotifications": "1.128.0",
        "@aws-cdk/aws-events": "1.128.0",
        "@aws-cdk/aws-iam": "1.128.0",
        "@aws-cdk/core": "1.128.0",
        "constructs": "^3.3.69"
      }
    },
    "@aws-cdk/aws-codestarnotifications": {
      "version": "1.128.0",
      "resolved": "https://registry.npmjs.org/@aws-cdk/aws-codestarnotifications/-/aws-codestarnotifications-1.128.0.tgz",
      "integrity": "sha512-mPJWPj0eKqWu7sIYzTmufrRaaApFTCiT7W8iDGxVcqB6nwHKrTj5R+hyd/5E3JEpejaDxXwr6b3SThBYLQxLFg==",
      "requires": {
        "@aws-cdk/core": "1.128.0",
        "constructs": "^3.3.69"
      }
    },
    "@aws-cdk/aws-ec2": {
      "version": "1.128.0",
      "resolved": "https://registry.npmjs.org/@aws-cdk/aws-ec2/-/aws-ec2-1.128.0.tgz",
      "integrity": "sha512-VC7y0d/XvBTNMhkVaqKWyeO7cKeErrNjoYWaPk1SOxw9TPS+xcRo/NF3ED4zSl7zJ9RrJOzrVSx2yAuQXte6EA==",
      "requires": {
        "@aws-cdk/aws-cloudwatch": "1.128.0",
        "@aws-cdk/aws-iam": "1.128.0",
        "@aws-cdk/aws-kms": "1.128.0",
        "@aws-cdk/aws-logs": "1.128.0",
        "@aws-cdk/aws-s3": "1.128.0",
        "@aws-cdk/aws-s3-assets": "1.128.0",
        "@aws-cdk/aws-ssm": "1.128.0",
        "@aws-cdk/cloud-assembly-schema": "1.128.0",
        "@aws-cdk/core": "1.128.0",
        "@aws-cdk/cx-api": "1.128.0",
        "@aws-cdk/region-info": "1.128.0",
        "constructs": "^3.3.69"
      }
    },
    "@aws-cdk/aws-events": {
      "version": "1.128.0",
      "resolved": "https://registry.npmjs.org/@aws-cdk/aws-events/-/aws-events-1.128.0.tgz",
      "integrity": "sha512-45l2B/8n3YDowfkj4cF3PU7CMehLQ1LlECTn9Wo5goWPROnNNOsdq+FQNqYOz3rO3f2eQKVjW2k8UAFMh7Ze3Q==",
      "requires": {
        "@aws-cdk/aws-iam": "1.128.0",
        "@aws-cdk/core": "1.128.0",
        "constructs": "^3.3.69"
      }
    },
    "@aws-cdk/aws-iam": {
      "version": "1.128.0",
      "resolved": "https://registry.npmjs.org/@aws-cdk/aws-iam/-/aws-iam-1.128.0.tgz",
      "integrity": "sha512-1pF73b4mjEO3jPcXFq53C4uYUXdncnWgS4gqcdtDr02XG26s2yR6YJHqwMjPY5Qg3onbw8E1glKfREu5+UhXTQ==",
      "requires": {
        "@aws-cdk/core": "1.128.0",
        "@aws-cdk/region-info": "1.128.0",
        "constructs": "^3.3.69"
      }
    },
    "@aws-cdk/aws-kms": {
      "version": "1.128.0",
      "resolved": "https://registry.npmjs.org/@aws-cdk/aws-kms/-/aws-kms-1.128.0.tgz",
      "integrity": "sha512-9/55JpvEJVnYezC8BlL2tK6I2GL8lE6fCRtTL/Qj6DjcylkVSeNIhISf3x2ZLz04YG+ksqHEIz1cz2Ar2U28hg==",
      "requires": {
        "@aws-cdk/aws-iam": "1.128.0",
        "@aws-cdk/cloud-assembly-schema": "1.128.0",
        "@aws-cdk/core": "1.128.0",
        "@aws-cdk/cx-api": "1.128.0",
        "constructs": "^3.3.69"
      }
    },
    "@aws-cdk/aws-logs": {
      "version": "1.128.0",
      "resolved": "https://registry.npmjs.org/@aws-cdk/aws-logs/-/aws-logs-1.128.0.tgz",
      "integrity": "sha512-3jGIQAvrvU4kyuQ1EGa7dIY9GP+rmd5wj43KUdLXRNKXkdykod1OSUPoqmS8ny4NSOmgYgfxHxRuoyajimw9Uw==",
      "requires": {
        "@aws-cdk/aws-cloudwatch": "1.128.0",
        "@aws-cdk/aws-iam": "1.128.0",
        "@aws-cdk/aws-kms": "1.128.0",
        "@aws-cdk/aws-s3-assets": "1.128.0",
        "@aws-cdk/core": "1.128.0",
        "constructs": "^3.3.69"
      }
    },
    "@aws-cdk/aws-neptune": {
      "version": "1.128.0",
      "resolved": "https://registry.npmjs.org/@aws-cdk/aws-neptune/-/aws-neptune-1.128.0.tgz",
      "integrity": "sha512-c9d+1o/pd2F9Sj0krkO3t1rHoYHymU815PKtaSmkbdZcbhFcYvHOyEPh0QLspWuqNKmpITCnaTraCb6DZ2+8Tw==",
      "requires": {
        "@aws-cdk/aws-ec2": "1.128.0",
        "@aws-cdk/aws-iam": "1.128.0",
        "@aws-cdk/aws-kms": "1.128.0",
        "@aws-cdk/core": "1.128.0",
        "constructs": "^3.3.69"
      }
    },
    "@aws-cdk/aws-s3": {
      "version": "1.128.0",
      "resolved": "https://registry.npmjs.org/@aws-cdk/aws-s3/-/aws-s3-1.128.0.tgz",
      "integrity": "sha512-o1um24GMy3/lGv2O2YnZciStLBbf67epAlE5OvZZIPscikif/o4/n7dUKmEzGjP4bzP0uKUjemsNVqBRmvfPvw==",
      "requires": {
        "@aws-cdk/aws-events": "1.128.0",
        "@aws-cdk/aws-iam": "1.128.0",
        "@aws-cdk/aws-kms": "1.128.0",
        "@aws-cdk/core": "1.128.0",
        "@aws-cdk/cx-api": "1.128.0",
        "constructs": "^3.3.69"
      }
    },
    "@aws-cdk/aws-s3-assets": {
      "version": "1.128.0",
      "resolved": "https://registry.npmjs.org/@aws-cdk/aws-s3-assets/-/aws-s3-assets-1.128.0.tgz",
      "integrity": "sha512-VySvr7/aGCKX247JKOfkr0DeUBIqycXyVkLwbllF1IpJ/lFOlnnjRW0ZSigz+S+kO0EohjsFNaqlrxxkueYyPQ==",
      "requires": {
        "@aws-cdk/assets": "1.128.0",
        "@aws-cdk/aws-iam": "1.128.0",
        "@aws-cdk/aws-kms": "1.128.0",
        "@aws-cdk/aws-s3": "1.128.0",
        "@aws-cdk/core": "1.128.0",
        "@aws-cdk/cx-api": "1.128.0",
        "constructs": "^3.3.69"
      }
    },
    "@aws-cdk/aws-ssm": {
      "version": "1.128.0",
      "resolved": "https://registry.npmjs.org/@aws-cdk/aws-ssm/-/aws-ssm-1.128.0.tgz",
      "integrity": "sha512-m24FTuK+fDwP1uHs2OopKmvkVTQcKk8oIBpzbESCqtbr7LtnzriH88R4jnpL+aCqv24sfWR1foJRbAgWBcBNKA==",
      "requires": {
        "@aws-cdk/aws-iam": "1.128.0",
        "@aws-cdk/aws-kms": "1.128.0",
        "@aws-cdk/cloud-assembly-schema": "1.128.0",
        "@aws-cdk/core": "1.128.0",
        "constructs": "^3.3.69"
      }
    },
    "@aws-cdk/cloud-assembly-schema": {
      "version": "1.128.0",
      "resolved": "https://registry.npmjs.org/@aws-cdk/cloud-assembly-schema/-/cloud-assembly-schema-1.128.0.tgz",
      "integrity": "sha512-rKyPTcGbk0ph6xJFzYe2rDCL/c8a+Yp2nTYqa53jK+X0YqDGzLiaVFnnnUGqE8gafHTOA09w+6DBQm+/E0Ea2A==",
      "requires": {
        "jsonschema": "^1.4.0",
        "semver": "^7.3.5"
      },
      "dependencies": {
        "jsonschema": {
          "version": "1.4.0",
          "bundled": true
        },
        "lru-cache": {
          "version": "6.0.0",
          "bundled": true,
          "requires": {
            "yallist": "^4.0.0"
          }
        },
        "semver": {
          "version": "7.3.5",
          "bundled": true,
          "requires": {
            "lru-cache": "^6.0.0"
          }
        },
        "yallist": {
          "version": "4.0.0",
          "bundled": true
        }
      }
    },
    "@aws-cdk/core": {
      "version": "1.128.0",
      "resolved": "https://registry.npmjs.org/@aws-cdk/core/-/core-1.128.0.tgz",
      "integrity": "sha512-OFj2LaCWOk8qh/ddxYYCf6l8bzXceO74BDkwfnAX+N5CJHen201wSqYlLiq9yFRm/c/lfCkVtgf6dTaz+PdQGQ==",
      "requires": {
        "@aws-cdk/cloud-assembly-schema": "1.128.0",
        "@aws-cdk/cx-api": "1.128.0",
        "@aws-cdk/region-info": "1.128.0",
        "@balena/dockerignore": "^1.0.2",
        "constructs": "^3.3.69",
        "fs-extra": "^9.1.0",
        "ignore": "^5.1.8",
        "minimatch": "^3.0.4"
      },
      "dependencies": {
        "@balena/dockerignore": {
          "version": "1.0.2",
          "bundled": true
        },
        "at-least-node": {
          "version": "1.0.0",
          "bundled": true
        },
        "balanced-match": {
          "version": "1.0.2",
          "bundled": true
        },
        "brace-expansion": {
          "version": "1.1.11",
          "bundled": true,
          "requires": {
            "balanced-match": "^1.0.0",
            "concat-map": "0.0.1"
          }
        },
        "concat-map": {
          "version": "0.0.1",
          "bundled": true
        },
        "fs-extra": {
          "version": "9.1.0",
          "bundled": true,
          "requires": {
            "at-least-node": "^1.0.0",
            "graceful-fs": "^4.2.0",
            "jsonfile": "^6.0.1",
            "universalify": "^2.0.0"
          }
        },
        "graceful-fs": {
          "version": "4.2.8",
          "bundled": true
        },
        "ignore": {
          "version": "5.1.8",
          "bundled": true
        },
        "jsonfile": {
          "version": "6.1.0",
          "bundled": true,
          "requires": {
            "graceful-fs": "^4.1.6",
            "universalify": "^2.0.0"
          }
        },
        "minimatch": {
          "version": "3.0.4",
          "bundled": true,
          "requires": {
            "brace-expansion": "^1.1.7"
          }
        },
        "universalify": {
          "version": "2.0.0",
          "bundled": true
        }
      }
    },
    "@aws-cdk/cx-api": {
      "version": "1.128.0",
      "resolved": "https://registry.npmjs.org/@aws-cdk/cx-api/-/cx-api-1.128.0.tgz",
      "integrity": "sha512-1lLRM+VxaljK9RaxvtnkR+gSh/KI10NRHZCFhYzKQcd/kDwBkrylU+YBqWzS8MlSITaxTpYFZtHwUXRBxCnJYA==",
      "requires": {
        "@aws-cdk/cloud-assembly-schema": "1.128.0",
        "semver": "^7.3.5"
      },
      "dependencies": {
        "lru-cache": {
          "version": "6.0.0",
          "bundled": true,
          "requires": {
            "yallist": "^4.0.0"
          }
        },
        "semver": {
          "version": "7.3.5",
          "bundled": true,
          "requires": {
            "lru-cache": "^6.0.0"
          }
        },
        "yallist": {
          "version": "4.0.0",
          "bundled": true
        }
      }
    },
    "@aws-cdk/region-info": {
      "version": "1.128.0",
      "resolved": "https://registry.npmjs.org/@aws-cdk/region-info/-/region-info-1.128.0.tgz",
      "integrity": "sha512-84QbxbmfYeoRDC7X5KNQ91sXNDBomb7c63VPPuxm9PS65haufEEqHvesJ66YBFTXky+MBrUSRyANdv4M4CDPrQ=="
    },
    "constructs": {
      "version": "3.3.161",
      "resolved": "https://registry.npmjs.org/constructs/-/constructs-3.3.161.tgz",
      "integrity": "sha512-/27vW3fo0iyb3py4vKI1BduEYmv8vv8uJgLXvI+5F0Jbnn0/E+As2wkGMa7bumhzCd0Ckv/USkAXstGYVXTYQA=="
    }
  }
}
